{
  "name": "Erwin BlockChain",
  "lockfileVersion": 2,
  "requires": true,
  "packages": {
    "": {
      "dependencies": {
        "crpyto-js": "^0.0.1-security",
        "crypto-js": "^4.1.1"
      }
    },
    "node_modules/crpyto-js": {
      "version": "0.0.1-security",
      "resolved": "https://registry.npmjs.org/crpyto-js/-/crpyto-js-0.0.1-security.tgz",
      "integrity": "sha512-7+HILkcscyLGkDIWBCyFCYfW/S2bJiYOmaLIf4x5Cme5nndbg9JViI7NkFGPx3YAXqkkpTNdXYneguQoHoU6HA=="
    },
    "node_modules/crypto-js": {
      "version": "4.1.1",
      "resolved": "https://registry.npmjs.org/crypto-js/-/crypto-js-4.1.1.tgz",
      "integrity": "sha512-o2JlM7ydqd3Qk9CA0L4NL6mTzU2sdx96a+oOfPu8Mkl/PK51vSyoi8/rQ8NknZtk44vq15lmhAj9CIAGwgeWKw=="
    }
  },
  "dependencies": {
    "crpyto-js": {
      "version": "0.0.1-security",
      "resolved": "https://registry.npmjs.org/crpyto-js/-/crpyto-js-0.0.1-security.tgz",
      "integrity": "sha512-7+HILkcscyLGkDIWBCyFCYfW/S2bJiYOmaLIf4x5Cme5nndbg9JViI7NkFGPx3YAXqkkpTNdXYneguQoHoU6HA=="
    },
    "crypto-js": {
      "version": "4.1.1",
      "resolved": "https://registry.npmjs.org/crypto-js/-/crypto-js-4.1.1.tgz",
      "integrity": "sha512-o2JlM7ydqd3Qk9CA0L4NL6mTzU2sdx96a+oOfPu8Mkl/PK51vSyoi8/rQ8NknZtk44vq15lmhAj9CIAGwgeWKw=="
    }
  }
}
